{
  "pins" : [
    {
      "identity" : "sdwebimage",
      "kind" : "remoteSourceControl",
      "location" : "https://github.com/SDWebImage/SDWebImage.git",
      "state" : {
        "revision" : "c51ba84499268ea3020e6aee9e229c0f56b9d924",
        "version" : "5.16.0"
      }
    },
    {
      "identity" : "snapkit",
      "kind" : "remoteSourceControl",
      "location" : "https://github.com/SnapKit/SnapKit.git",
      "state" : {
        "revision" : "f222cbdf325885926566172f6f5f06af95473158",
        "version" : "5.6.0"
      }
    },
    {
      "identity" : "splash",
      "kind" : "remoteSourceControl",
      "location" : "https://github.com/JohnSundell/Splash",
      "state" : {
        "revision" : "7f4df436eb78fe64fe2c32c58006e9949fa28ad8",
        "version" : "0.16.0"
      }
    },
    {
      "identity" : "swift-cmark",
      "kind" : "remoteSourceControl",
      "location" : "https://github.com/apple/swift-cmark.git",
      "state" : {
        "branch" : "gfm",
        "revision" : "6c7037758492a28593264aaa22ef659afa94e5bf"
      }
    },
    {
      "identity" : "swift-markdown",
      "kind" : "remoteSourceControl",
      "location" : "https://github.com/apple/swift-markdown.git",
      "state" : {
        "branch" : "main",
        "revision" : "40f7f858e01a6ca512d96088087ffa861861eee5"
      }
    },
    {
      "identity" : "swiftrichstring",
      "kind" : "remoteSourceControl",
      "location" : "https://github.com/malcommac/SwiftRichString.git",
      "state" : {
        "revision" : "9bf4b5af6bb4386865636fc504d6c588c2b65040",
        "version" : "3.7.2"
      }
    }
  ],
  "version" : 2
}
